
Microsoft Visual Studio Solution File, Format Version 12.00
# Visual Studio 15
VisualStudioVersion = 15.0.27703.2035
MinimumVisualStudioVersion = 10.0.40219.1
Project("{FAE04EC0-301F-11D3-BF4B-00C04F79EFBC}") = "TippingTable", "TippingTable\TippingTable.csproj", "{2AE3843B-260A-42AD-AB43-0A174F8A0E8E}"
EndProject
Global
	GlobalSection(SolutionConfigurationPlatforms) = preSolution
		Debug|Any CPU = Debug|Any CPU
		Release|Any CPU = Release|Any CPU
	EndGlobalSection
	GlobalSection(ProjectConfigurationPlatforms) = postSolution
		{2AE3843B-260A-42AD-AB43-0A174F8A0E8E}.Debug|Any CPU.ActiveCfg = Debug|Any CPU
		{2AE3843B-260A-42AD-AB43-0A174F8A0E8E}.Debug|Any CPU.Build.0 = Debug|Any CPU
		{2AE3843B-260A-42AD-AB43-0A174F8A0E8E}.Release|Any CPU.ActiveCfg = Release|Any CPU
		{2AE3843B-260A-42AD-AB43-0A174F8A0E8E}.Release|Any CPU.Build.0 = Release|Any CPU
	EndGlobalSection
	GlobalSection(SolutionProperties) = preSolution
		HideSolutionNode = FALSE
	EndGlobalSection
	GlobalSection(ExtensibilityGlobals) = postSolution
		SolutionGuid = {CB174160-4DEE-41BD-AA75-DB4DB7036D81}
	EndGlobalSection
EndGlobal
